
Microsoft Visual Studio Solution File, Format Version 12.00
# Visual Studio Version 17
VisualStudioVersion = 17.4.33213.308
MinimumVisualStudioVersion = 10.0.40219.1
Project("{FAE04EC0-301F-11D3-BF4B-00C04F79EFBC}") = "PMTTS_Feb_10_2023", "PMTTS_Feb_10_2023.csproj", "{07FF88D3-16F4-4AD4-BEE1-50D683D886EE}"
EndProject
Project("{2150E333-8FDC-42A3-9474-1A3956D46DE8}") = "Solution Items", "Solution Items", "{29F55959-5A59-4FD6-97E1-C38BAA45DE41}"
	ProjectSection(SolutionItems) = preProject
		.editorconfig = .editorconfig
	EndProjectSection
EndProject
Global
	GlobalSection(SolutionConfigurationPlatforms) = preSolution
		Debug|Any CPU = Debug|Any CPU
		Release|Any CPU = Release|Any CPU
	EndGlobalSection
	GlobalSection(ProjectConfigurationPlatforms) = postSolution
		{07FF88D3-16F4-4AD4-BEE1-50D683D886EE}.Debug|Any CPU.ActiveCfg = Debug|Any CPU
		{07FF88D3-16F4-4AD4-BEE1-50D683D886EE}.Debug|Any CPU.Build.0 = Debug|Any CPU
		{07FF88D3-16F4-4AD4-BEE1-50D683D886EE}.Release|Any CPU.ActiveCfg = Release|Any CPU
		{07FF88D3-16F4-4AD4-BEE1-50D683D886EE}.Release|Any CPU.Build.0 = Release|Any CPU
	EndGlobalSection
	GlobalSection(SolutionProperties) = preSolution
		HideSolutionNode = FALSE
	EndGlobalSection
	GlobalSection(ExtensibilityGlobals) = postSolution
		SolutionGuid = {4DB0717F-21AA-4083-AF55-AD05240F1F14}
	EndGlobalSection
EndGlobal
